// !$*UTF8*$!
{
	archiveVersion = 1;
	classes = {
	};
	objectVersion = 55;
	objects = {

/* Begin PBXBuildFile section */
		034CE81827A0A875009D33E5 /* Date.swift in Sources */ = {isa = PBXBuildFile; fileRef = 034CE81727A0A875009D33E5 /* Date.swift */; };
		034CE81A27A0AD3C009D33E5 /* DivisionItem.swift in Sources */ = {isa = PBXBuildFile; fileRef = 034CE81927A0AD3C009D33E5 /* DivisionItem.swift */; };
		035B46C2279F56FE003A0FB7 /* AbsenceRecorderApp.swift in Sources */ = {isa = PBXBuildFile; fileRef = 035B46C1279F56FE003A0FB7 /* AbsenceRecorderApp.swift */; };
		035B46C4279F56FE003A0FB7 /* ContentView.swift in Sources */ = {isa = PBXBuildFile; fileRef = 035B46C3279F56FE003A0FB7 /* ContentView.swift */; };
		035B46C6279F5701003A0FB7 /* Assets.xcassets in Resources */ = {isa = PBXBuildFile; fileRef = 035B46C5279F5701003A0FB7 /* Assets.xcassets */; };
		035B46C9279F5701003A0FB7 /* Preview Assets.xcassets in Resources */ = {isa = PBXBuildFile; fileRef = 035B46C8279F5701003A0FB7 /* Preview Assets.xcassets */; };
		035B46D3279F5701003A0FB7 /* AbsenceRecorderTests.swift in Sources */ = {isa = PBXBuildFile; fileRef = 035B46D2279F5701003A0FB7 /* AbsenceRecorderTests.swift */; };
		035B46DD279F5701003A0FB7 /* AbsenceRecorderUITests.swift in Sources */ = {isa = PBXBuildFile; fileRef = 035B46DC279F5701003A0FB7 /* AbsenceRecorderUITests.swift */; };
		035B46DF279F5701003A0FB7 /* AbsenceRecorderUITestsLaunchTests.swift in Sources */ = {isa = PBXBuildFile; fileRef = 035B46DE279F5701003A0FB7 /* AbsenceRecorderUITestsLaunchTests.swift */; };
		035B46EF279F611B003A0FB7 /* Student.swift in Sources */ = {isa = PBXBuildFile; fileRef = 035B46EE279F611B003A0FB7 /* Student.swift */; };
		035B46F1279F6176003A0FB7 /* Division.swift in Sources */ = {isa = PBXBuildFile; fileRef = 035B46F0279F6176003A0FB7 /* Division.swift */; };
/* End PBXBuildFile section */

/* Begin PBXContainerItemProxy section */
		035B46CF279F5701003A0FB7 /* PBXContainerItemProxy */ = {
			isa = PBXContainerItemProxy;
			containerPortal = 035B46B6279F56FE003A0FB7 /* Project object */;
			proxyType = 1;
			remoteGlobalIDString = 035B46BD279F56FE003A0FB7;
			remoteInfo = AbsenceRecorder;
		};
		035B46D9279F5701003A0FB7 /* PBXContainerItemProxy */ = {
			isa = PBXContainerItemProxy;
			containerPortal = 035B46B6279F56FE003A0FB7 /* Project object */;
			proxyType = 1;
			remoteGlobalIDString = 035B46BD279F56FE003A0FB7;
			remoteInfo = AbsenceRecorder;
		};
/* End PBXContainerItemProxy section */

/* Begin PBXFileReference section */
		034CE81727A0A875009D33E5 /* Date.swift */ = {isa = PBXFileReference; lastKnownFileType = sourcecode.swift; path = Date.swift; sourceTree = "<group>"; };
		034CE81927A0AD3C009D33E5 /* DivisionItem.swift */ = {isa = PBXFileReference; lastKnownFileType = sourcecode.swift; path = DivisionItem.swift; sourceTree = "<group>"; };
		035B46BE279F56FE003A0FB7 /* AbsenceRecorder.app */ = {isa = PBXFileReference; explicitFileType = wrapper.application; includeInIndex = 0; path = AbsenceRecorder.app; sourceTree = BUILT_PRODUCTS_DIR; };
		035B46C1279F56FE003A0FB7 /* AbsenceRecorderApp.swift */ = {isa = PBXFileReference; lastKnownFileType = sourcecode.swift; path = AbsenceRecorderApp.swift; sourceTree = "<group>"; };
		035B46C3279F56FE003A0FB7 /* ContentView.swift */ = {isa = PBXFileReference; lastKnownFileType = sourcecode.swift; path = ContentView.swift; sourceTree = "<group>"; };
		035B46C5279F5701003A0FB7 /* Assets.xcassets */ = {isa = PBXFileReference; lastKnownFileType = folder.assetcatalog; path = Assets.xcassets; sourceTree = "<group>"; };
		035B46C8279F5701003A0FB7 /* Preview Assets.xcassets */ = {isa = PBXFileReference; lastKnownFileType = folder.assetcatalog; path = "Preview Assets.xcassets"; sourceTree = "<group>"; };
		035B46CE279F5701003A0FB7 /* AbsenceRecorderTests.xctest */ = {isa = PBXFileReference; explicitFileType = wrapper.cfbundle; includeInIndex = 0; path = AbsenceRecorderTests.xctest; sourceTree = BUILT_PRODUCTS_DIR; };
		035B46D2279F5701003A0FB7 /* AbsenceRecorderTests.swift */ = {isa = PBXFileReference; lastKnownFileType = sourcecode.swift; path = AbsenceRecorderTests.swift; sourceTree = "<group>"; };
		035B46D8279F5701003A0FB7 /* AbsenceRecorderUITests.xctest */ = {isa = PBXFileReference; explicitFileType = wrapper.cfbundle; includeInIndex = 0; path = AbsenceRecorderUITests.xctest; sourceTree = BUILT_PRODUCTS_DIR; };
		035B46DC279F5701003A0FB7 /* AbsenceRecorderUITests.swift */ = {isa = PBXFileReference; lastKnownFileType = sourcecode.swift; path = AbsenceRecorderUITests.swift; sourceTree = "<group>"; };
		035B46DE279F5701003A0FB7 /* AbsenceRecorderUITestsLaunchTests.swift */ = {isa = PBXFileReference; lastKnownFileType = sourcecode.swift; path = AbsenceRecorderUITestsLaunchTests.swift; sourceTree = "<group>"; };
		035B46EE279F611B003A0FB7 /* Student.swift */ = {isa = PBXFileReference; lastKnownFileType = sourcecode.swift; path = Student.swift; sourceTree = "<group>"; };
		035B46F0279F6176003A0FB7 /* Division.swift */ = {isa = PBXFileReference; lastKnownFileType = sourcecode.swift; path = Division.swift; sourceTree = "<group>"; };
/* End PBXFileReference section */

/* Begin PBXFrameworksBuildPhase section */
		035B46BB279F56FE003A0FB7 /* Frameworks */ = {
			isa = PBXFrameworksBuildPhase;
			buildActionMask = 2147483647;
			files = (
			);
			runOnlyForDeploymentPostprocessing = 0;
		};
		035B46CB279F5701003A0FB7 /* Frameworks */ = {
			isa = PBXFrameworksBuildPhase;
			buildActionMask = 2147483647;
			files = (
			);
			runOnlyForDeploymentPostprocessing = 0;
		};
		035B46D5279F5701003A0FB7 /* Frameworks */ = {
			isa = PBXFrameworksBuildPhase;
			buildActionMask = 2147483647;
			files = (
			);
			runOnlyForDeploymentPostprocessing = 0;
		};
/* End PBXFrameworksBuildPhase section */

/* Begin PBXGroup section */
		034CE81427A0A816009D33E5 /* Extensions */ = {
			isa = PBXGroup;
			children = (
				034CE81727A0A875009D33E5 /* Date.swift */,
			);
			path = Extensions;
			sourceTree = "<group>";
		};
		035B46B5279F56FE003A0FB7 = {
			isa = PBXGroup;
			children = (
				035B46C0279F56FE003A0FB7 /* AbsenceRecorder */,
				035B46D1279F5701003A0FB7 /* AbsenceRecorderTests */,
				035B46DB279F5701003A0FB7 /* AbsenceRecorderUITests */,
				035B46BF279F56FE003A0FB7 /* Products */,
			);
			sourceTree = "<group>";
		};
		035B46BF279F56FE003A0FB7 /* Products */ = {
			isa = PBXGroup;
			children = (
				035B46BE279F56FE003A0FB7 /* AbsenceRecorder.app */,
				035B46CE279F5701003A0FB7 /* AbsenceRecorderTests.xctest */,
				035B46D8279F5701003A0FB7 /* AbsenceRecorderUITests.xctest */,
			);
			name = Products;
			sourceTree = "<group>";
		};
		035B46C0279F56FE003A0FB7 /* AbsenceRecorder */ = {
			isa = PBXGroup;
			children = (
				034CE81427A0A816009D33E5 /* Extensions */,
				035B46ED279F60CB003A0FB7 /* Model */,
				035B46EC279F60C1003A0FB7 /* View */,
				035B46C1279F56FE003A0FB7 /* AbsenceRecorderApp.swift */,
				035B46C5279F5701003A0FB7 /* Assets.xcassets */,
				035B46C7279F5701003A0FB7 /* Preview Content */,
			);
			path = AbsenceRecorder;
			sourceTree = "<group>";
		};
		035B46C7279F5701003A0FB7 /* Preview Content */ = {
			isa = PBXGroup;
			children = (
				035B46C8279F5701003A0FB7 /* Preview Assets.xcassets */,
			);
			path = "Preview Content";
			sourceTree = "<group>";
		};
		035B46D1279F5701003A0FB7 /* AbsenceRecorderTests */ = {
			isa = PBXGroup;
			children = (
				035B46D2279F5701003A0FB7 /* AbsenceRecorderTests.swift */,
			);
			path = AbsenceRecorderTests;
			sourceTree = "<group>";
		};
		035B46DB279F5701003A0FB7 /* AbsenceRecorderUITests */ = {
			isa = PBXGroup;
			children = (
				035B46DC279F5701003A0FB7 /* AbsenceRecorderUITests.swift */,
				035B46DE279F5701003A0FB7 /* AbsenceRecorderUITestsLaunchTests.swift */,
			);
			path = AbsenceRecorderUITests;
			sourceTree = "<group>";
		};
		035B46EC279F60C1003A0FB7 /* View */ = {
			isa = PBXGroup;
			children = (
				035B46C3279F56FE003A0FB7 /* ContentView.swift */,
				034CE81927A0AD3C009D33E5 /* DivisionItem.swift */,
			);
			path = View;
			sourceTree = "<group>";
		};
		035B46ED279F60CB003A0FB7 /* Model */ = {
			isa = PBXGroup;
			children = (
				035B46EE279F611B003A0FB7 /* Student.swift */,
				035B46F0279F6176003A0FB7 /* Division.swift */,
			);
			path = Model;
			sourceTree = "<group>";
		};
/* End PBXGroup section */

/* Begin PBXNativeTarget section */
		035B46BD279F56FE003A0FB7 /* AbsenceRecorder */ = {
			isa = PBXNativeTarget;
			buildConfigurationList = 035B46E2279F5701003A0FB7 /* Build configuration list for PBXNativeTarget "AbsenceRecorder" */;
			buildPhases = (
				035B46BA279F56FE003A0FB7 /* Sources */,
				035B46BB279F56FE003A0FB7 /* Frameworks */,
				035B46BC279F56FE003A0FB7 /* Resources */,
			);
			buildRules = (
			);
			dependencies = (
			);
			name = AbsenceRecorder;
			productName = AbsenceRecorder;
			productReference = 035B46BE279F56FE003A0FB7 /* AbsenceRecorder.app */;
			productType = "com.apple.product-type.application";
		};
		035B46CD279F5701003A0FB7 /* AbsenceRecorderTests */ = {
			isa = PBXNativeTarget;
			buildConfigurationList = 035B46E5279F5701003A0FB7 /* Build configuration list for PBXNativeTarget "AbsenceRecorderTests" */;
			buildPhases = (
				035B46CA279F5701003A0FB7 /* Sources */,
				035B46CB279F5701003A0FB7 /* Frameworks */,
				035B46CC279F5701003A0FB7 /* Resources */,
			);
			buildRules = (
			);
			dependencies = (
				035B46D0279F5701003A0FB7 /* PBXTargetDependency */,
			);
			name = AbsenceRecorderTests;
			productName = AbsenceRecorderTests;
			productReference = 035B46CE279F5701003A0FB7 /* AbsenceRecorderTests.xctest */;
			productType = "com.apple.product-type.bundle.unit-test";
		};
		035B46D7279F5701003A0FB7 /* AbsenceRecorderUITests */ = {
			isa = PBXNativeTarget;
			buildConfigurationList = 035B46E8279F5701003A0FB7 /* Build configuration list for PBXNativeTarget "AbsenceRecorderUITests" */;
			buildPhases = (
				035B46D4279F5701003A0FB7 /* Sources */,
				035B46D5279F5701003A0FB7 /* Frameworks */,
				035B46D6279F5701003A0FB7 /* Resources */,
			);
			buildRules = (
			);
			dependencies = (
				035B46DA279F5701003A0FB7 /* PBXTargetDependency */,
			);
			name = AbsenceRecorderUITests;
			productName = AbsenceRecorderUITests;
			productReference = 035B46D8279F5701003A0FB7 /* AbsenceRecorderUITests.xctest */;
			productType = "com.apple.product-type.bundle.ui-testing";
		};
/* End PBXNativeTarget section */

/* Begin PBXProject section */
		035B46B6279F56FE003A0FB7 /* Project object */ = {
			isa = PBXProject;
			attributes = {
				BuildIndependentTargetsInParallel = 1;
				LastSwiftUpdateCheck = 1320;
				LastUpgradeCheck = 1320;
				TargetAttributes = {
					035B46BD279F56FE003A0FB7 = {
						CreatedOnToolsVersion = 13.2.1;
					};
					035B46CD279F5701003A0FB7 = {
						CreatedOnToolsVersion = 13.2.1;
						TestTargetID = 035B46BD279F56FE003A0FB7;
					};
					035B46D7279F5701003A0FB7 = {
						CreatedOnToolsVersion = 13.2.1;
						TestTargetID = 035B46BD279F56FE003A0FB7;
					};
				};
			};
			buildConfigurationList = 035B46B9279F56FE003A0FB7 /* Build configuration list for PBXProject "AbsenceRecorder" */;
			compatibilityVersion = "Xcode 13.0";
			developmentRegion = en;
			hasScannedForEncodings = 0;
			knownRegions = (
				en,
				Base,
			);
			mainGroup = 035B46B5279F56FE003A0FB7;
			productRefGroup = 035B46BF279F56FE003A0FB7 /* Products */;
			projectDirPath = "";
			projectRoot = "";
			targets = (
				035B46BD279F56FE003A0FB7 /* AbsenceRecorder */,
				035B46CD279F5701003A0FB7 /* AbsenceRecorderTests */,
				035B46D7279F5701003A0FB7 /* AbsenceRecorderUITests */,
			);
		};
/* End PBXProject section */

/* Begin PBXResourcesBuildPhase section */
		035B46BC279F56FE003A0FB7 /* Resources */ = {
			isa = PBXResourcesBuildPhase;
			buildActionMask = 2147483647;
			files = (
				035B46C9279F5701003A0FB7 /* Preview Assets.xcassets in Resources */,
				035B46C6279F5701003A0FB7 /* Assets.xcassets in Resources */,
			);
			runOnlyForDeploymentPostprocessing = 0;
		};
		035B46CC279F5701003A0FB7 /* Resources */ = {
			isa = PBXResourcesBuildPhase;
			buildActionMask = 2147483647;
			files = (
			);
			runOnlyForDeploymentPostprocessing = 0;
		};
		035B46D6279F5701003A0FB7 /* Resources */ = {
			isa = PBXResourcesBuildPhase;
			buildActionMask = 2147483647;
			files = (
			);
			runOnlyForDeploymentPostprocessing = 0;
		};
/* End PBXResourcesBuildPhase section */

/* Begin PBXSourcesBuildPhase section */
		035B46BA279F56FE003A0FB7 /* Sources */ = {
			isa = PBXSourcesBuildPhase;
			buildActionMask = 2147483647;
			files = (
				035B46C4279F56FE003A0FB7 /* ContentView.swift in Sources */,
				034CE81827A0A875009D33E5 /* Date.swift in Sources */,
				035B46EF279F611B003A0FB7 /* Student.swift in Sources */,
				035B46F1279F6176003A0FB7 /* Division.swift in Sources */,
				035B46C2279F56FE003A0FB7 /* AbsenceRecorderApp.swift in Sources */,
				034CE81A27A0AD3C009D33E5 /* DivisionItem.swift in Sources */,
			);
			runOnlyForDeploymentPostprocessing = 0;
		};
		035B46CA279F5701003A0FB7 /* Sources */ = {
			isa = PBXSourcesBuildPhase;
			buildActionMask = 2147483647;
			files = (
				035B46D3279F5701003A0FB7 /* AbsenceRecorderTests.swift in Sources */,
			);
			runOnlyForDeploymentPostprocessing = 0;
		};
		035B46D4279F5701003A0FB7 /* Sources */ = {
			isa = PBXSourcesBuildPhase;
			buildActionMask = 2147483647;
			files = (
				035B46DF279F5701003A0FB7 /* AbsenceRecorderUITestsLaunchTests.swift in Sources */,
				035B46DD279F5701003A0FB7 /* AbsenceRecorderUITests.swift in Sources */,
			);
			runOnlyForDeploymentPostprocessing = 0;
		};
/* End PBXSourcesBuildPhase section */

/* Begin PBXTargetDependency section */
		035B46D0279F5701003A0FB7 /* PBXTargetDependency */ = {
			isa = PBXTargetDependency;
			target = 035B46BD279F56FE003A0FB7 /* AbsenceRecorder */;
			targetProxy = 035B46CF279F5701003A0FB7 /* PBXContainerItemProxy */;
		};
		035B46DA279F5701003A0FB7 /* PBXTargetDependency */ = {
			isa = PBXTargetDependency;
			target = 035B46BD279F56FE003A0FB7 /* AbsenceRecorder */;
			targetProxy = 035B46D9279F5701003A0FB7 /* PBXContainerItemProxy */;
		};
/* End PBXTargetDependency section */

/* Begin XCBuildConfiguration section */
		035B46E0279F5701003A0FB7 /* Debug */ = {
			isa = XCBuildConfiguration;
			buildSettings = {
				ALWAYS_SEARCH_USER_PATHS = NO;
				CLANG_ANALYZER_NONNULL = YES;
				CLANG_ANALYZER_NUMBER_OBJECT_CONVERSION = YES_AGGRESSIVE;
				CLANG_CXX_LANGUAGE_STANDARD = "gnu++17";
				CLANG_CXX_LIBRARY = "libc++";
				CLANG_ENABLE_MODULES = YES;
				CLANG_ENABLE_OBJC_ARC = YES;
				CLANG_ENABLE_OBJC_WEAK = YES;
				CLANG_WARN_BLOCK_CAPTURE_AUTORELEASING = YES;
				CLANG_WARN_BOOL_CONVERSION = YES;
				CLANG_WARN_COMMA = YES;
				CLANG_WARN_CONSTANT_CONVERSION = YES;
				CLANG_WARN_DEPRECATED_OBJC_IMPLEMENTATIONS = YES;
				CLANG_WARN_DIRECT_OBJC_ISA_USAGE = YES_ERROR;
				CLANG_WARN_DOCUMENTATION_COMMENTS = YES;
				CLANG_WARN_EMPTY_BODY = YES;
				CLANG_WARN_ENUM_CONVERSION = YES;
				CLANG_WARN_INFINITE_RECURSION = YES;
				CLANG_WARN_INT_CONVERSION = YES;
				CLANG_WARN_NON_LITERAL_NULL_CONVERSION = YES;
				CLANG_WARN_OBJC_IMPLICIT_RETAIN_SELF = YES;
				CLANG_WARN_OBJC_LITERAL_CONVERSION = YES;
				CLANG_WARN_OBJC_ROOT_CLASS = YES_ERROR;
				CLANG_WARN_QUOTED_INCLUDE_IN_FRAMEWORK_HEADER = YES;
				CLANG_WARN_RANGE_LOOP_ANALYSIS = YES;
				CLANG_WARN_STRICT_PROTOTYPES = YES;
				CLANG_WARN_SUSPICIOUS_MOVE = YES;
				CLANG_WARN_UNGUARDED_AVAILABILITY = YES_AGGRESSIVE;
				CLANG_WARN_UNREACHABLE_CODE = YES;
				CLANG_WARN__DUPLICATE_METHOD_MATCH = YES;
				COPY_PHASE_STRIP = NO;
				DEBUG_INFORMATION_FORMAT = dwarf;
				ENABLE_STRICT_OBJC_MSGSEND = YES;
				ENABLE_TESTABILITY = YES;
				GCC_C_LANGUAGE_STANDARD = gnu11;
				GCC_DYNAMIC_NO_PIC = NO;
				GCC_NO_COMMON_BLOCKS = YES;
				GCC_OPTIMIZATION_LEVEL = 0;
				GCC_PREPROCESSOR_DEFINITIONS = (
					"DEBUG=1",
					"$(inherited)",
				);
				GCC_WARN_64_TO_32_BIT_CONVERSION = YES;
				GCC_WARN_ABOUT_RETURN_TYPE = YES_ERROR;
				GCC_WARN_UNDECLARED_SELECTOR = YES;
				GCC_WARN_UNINITIALIZED_AUTOS = YES_AGGRESSIVE;
				GCC_WARN_UNUSED_FUNCTION = YES;
				GCC_WARN_UNUSED_VARIABLE = YES;
				IPHONEOS_DEPLOYMENT_TARGET = 15.2;
				MTL_ENABLE_DEBUG_INFO = INCLUDE_SOURCE;
				MTL_FAST_MATH = YES;
				ONLY_ACTIVE_ARCH = YES;
				SDKROOT = iphoneos;
				SWIFT_ACTIVE_COMPILATION_CONDITIONS = DEBUG;
				SWIFT_OPTIMIZATION_LEVEL = "-Onone";
			};
			name = Debug;
		};
		035B46E1279F5701003A0FB7 /* Release */ = {
			isa = XCBuildConfiguration;
			buildSettings = {
				ALWAYS_SEARCH_USER_PATHS = NO;
				CLANG_ANALYZER_NONNULL = YES;
				CLANG_ANALYZER_NUMBER_OBJECT_CONVERSION = YES_AGGRESSIVE;
				CLANG_CXX_LANGUAGE_STANDARD = "gnu++17";
				CLANG_CXX_LIBRARY = "libc++";
				CLANG_ENABLE_MODULES = YES;
				CLANG_ENABLE_OBJC_ARC = YES;
				CLANG_ENABLE_OBJC_WEAK = YES;
				CLANG_WARN_BLOCK_CAPTURE_AUTORELEASING = YES;
				CLANG_WARN_BOOL_CONVERSION = YES;
				CLANG_WARN_COMMA = YES;
				CLANG_WARN_CONSTANT_CONVERSION = YES;
				CLANG_WARN_DEPRECATED_OBJC_IMPLEMENTATIONS = YES;
				CLANG_WARN_DIRECT_OBJC_ISA_USAGE = YES_ERROR;
				CLANG_WARN_DOCUMENTATION_COMMENTS = YES;
				CLANG_WARN_EMPTY_BODY = YES;
				CLANG_WARN_ENUM_CONVERSION = YES;
				CLANG_WARN_INFINITE_RECURSION = YES;
				CLANG_WARN_INT_CONVERSION = YES;
				CLANG_WARN_NON_LITERAL_NULL_CONVERSION = YES;
				CLANG_WARN_OBJC_IMPLICIT_RETAIN_SELF = YES;
				CLANG_WARN_OBJC_LITERAL_CONVERSION = YES;
				CLANG_WARN_OBJC_ROOT_CLASS = YES_ERROR;
				CLANG_WARN_QUOTED_INCLUDE_IN_FRAMEWORK_HEADER = YES;
				CLANG_WARN_RANGE_LOOP_ANALYSIS = YES;
				CLANG_WARN_STRICT_PROTOTYPES = YES;
				CLANG_WARN_SUSPICIOUS_MOVE = YES;
				CLANG_WARN_UNGUARDED_AVAILABILITY = YES_AGGRESSIVE;
				CLANG_WARN_UNREACHABLE_CODE = YES;
				CLANG_WARN__DUPLICATE_METHOD_MATCH = YES;
				COPY_PHASE_STRIP = NO;
				DEBUG_INFORMATION_FORMAT = "dwarf-with-dsym";
				ENABLE_NS_ASSERTIONS = NO;
				ENABLE_STRICT_OBJC_MSGSEND = YES;
				GCC_C_LANGUAGE_STANDARD = gnu11;
				GCC_NO_COMMON_BLOCKS = YES;
				GCC_WARN_64_TO_32_BIT_CONVERSION = YES;
				GCC_WARN_ABOUT_RETURN_TYPE = YES_ERROR;
				GCC_WARN_UNDECLARED_SELECTOR = YES;
				GCC_WARN_UNINITIALIZED_AUTOS = YES_AGGRESSIVE;
				GCC_WARN_UNUSED_FUNCTION = YES;
				GCC_WARN_UNUSED_VARIABLE = YES;
				IPHONEOS_DEPLOYMENT_TARGET = 15.2;
				MTL_ENABLE_DEBUG_INFO = NO;
				MTL_FAST_MATH = YES;
				SDKROOT = iphoneos;
				SWIFT_COMPILATION_MODE = wholemodule;
				SWIFT_OPTIMIZATION_LEVEL = "-O";
				VALIDATE_PRODUCT = YES;
			};
			name = Release;
		};
		035B46E3279F5701003A0FB7 /* Debug */ = {
			isa = XCBuildConfiguration;
			buildSettings = {
				ASSETCATALOG_COMPILER_APPICON_NAME = AppIcon;
				ASSETCATALOG_COMPILER_GLOBAL_ACCENT_COLOR_NAME = AccentColor;
				CODE_SIGN_STYLE = Automatic;
				CURRENT_PROJECT_VERSION = 1;
				DEVELOPMENT_ASSET_PATHS = "\"AbsenceRecorder/Preview Content\"";
				ENABLE_PREVIEWS = YES;
				GENERATE_INFOPLIST_FILE = YES;
				INFOPLIST_KEY_UIApplicationSceneManifest_Generation = YES;
				INFOPLIST_KEY_UIApplicationSupportsIndirectInputEvents = YES;
				INFOPLIST_KEY_UILaunchScreen_Generation = YES;
				INFOPLIST_KEY_UISupportedInterfaceOrientations_iPad = "UIInterfaceOrientationPortrait UIInterfaceOrientationPortraitUpsideDown UIInterfaceOrientationLandscapeLeft UIInterfaceOrientationLandscapeRight";
				INFOPLIST_KEY_UISupportedInterfaceOrientations_iPhone = "UIInterfaceOrientationPortrait UIInterfaceOrientationLandscapeLeft UIInterfaceOrientationLandscapeRight";
				LD_RUNPATH_SEARCH_PATHS = (
					"$(inherited)",
					"@executable_path/Frameworks",
				);
				MARKETING_VERSION = 1.0;
				PRODUCT_BUNDLE_IDENTIFIER = me.AbsenceRecorder;
				PRODUCT_NAME = "$(TARGET_NAME)";
				SWIFT_EMIT_LOC_STRINGS = YES;
				SWIFT_VERSION = 5.0;
				TARGETED_DEVICE_FAMILY = "1,2";
			};
			name = Debug;
		};
		035B46E4279F5701003A0FB7 /* Release */ = {
			isa = XCBuildConfiguration;
			buildSettings = {
				ASSETCATALOG_COMPILER_APPICON_NAME = AppIcon;
				ASSETCATALOG_COMPILER_GLOBAL_ACCENT_COLOR_NAME = AccentColor;
				CODE_SIGN_STYLE = Automatic;
				CURRENT_PROJECT_VERSION = 1;
				DEVELOPMENT_ASSET_PATHS = "\"AbsenceRecorder/Preview Content\"";
				ENABLE_PREVIEWS = YES;
				GENERATE_INFOPLIST_FILE = YES;
				INFOPLIST_KEY_UIApplicationSceneManifest_Generation = YES;
				INFOPLIST_KEY_UIApplicationSupportsIndirectInputEvents = YES;
				INFOPLIST_KEY_UILaunchScreen_Generation = YES;
				INFOPLIST_KEY_UISupportedInterfaceOrientations_iPad = "UIInterfaceOrientationPortrait UIInterfaceOrientationPortraitUpsideDown UIInterfaceOrientationLandscapeLeft UIInterfaceOrientationLandscapeRight";
				INFOPLIST_KEY_UISupportedInterfaceOrientations_iPhone = "UIInterfaceOrientationPortrait UIInterfaceOrientationLandscapeLeft UIInterfaceOrientationLandscapeRight";
				LD_RUNPATH_SEARCH_PATHS = (
					"$(inherited)",
					"@executable_path/Frameworks",
				);
				MARKETING_VERSION = 1.0;
				PRODUCT_BUNDLE_IDENTIFIER = me.AbsenceRecorder;
				PRODUCT_NAME = "$(TARGET_NAME)";
				SWIFT_EMIT_LOC_STRINGS = YES;
				SWIFT_VERSION = 5.0;
				TARGETED_DEVICE_FAMILY = "1,2";
			};
			name = Release;
		};
		035B46E6279F5701003A0FB7 /* Debug */ = {
			isa = XCBuildConfiguration;
			buildSettings = {
				ALWAYS_EMBED_SWIFT_STANDARD_LIBRARIES = YES;
				BUNDLE_LOADER = "$(TEST_HOST)";
				CODE_SIGN_STYLE = Automatic;
				CURRENT_PROJECT_VERSION = 1;
				GENERATE_INFOPLIST_FILE = YES;
				IPHONEOS_DEPLOYMENT_TARGET = 15.2;
				MARKETING_VERSION = 1.0;
				PRODUCT_BUNDLE_IDENTIFIER = me.AbsenceRecorderTests;
				PRODUCT_NAME = "$(TARGET_NAME)";
				SWIFT_EMIT_LOC_STRINGS = NO;
				SWIFT_VERSION = 5.0;
				TARGETED_DEVICE_FAMILY = "1,2";
				TEST_HOST = "$(BUILT_PRODUCTS_DIR)/AbsenceRecorder.app/AbsenceRecorder";
			};
			name = Debug;
		};
		035B46E7279F5701003A0FB7 /* Release */ = {
			isa = XCBuildConfiguration;
			buildSettings = {
				ALWAYS_EMBED_SWIFT_STANDARD_LIBRARIES = YES;
				BUNDLE_LOADER = "$(TEST_HOST)";
				CODE_SIGN_STYLE = Automatic;
				CURRENT_PROJECT_VERSION = 1;
				GENERATE_INFOPLIST_FILE = YES;
				IPHONEOS_DEPLOYMENT_TARGET = 15.2;
				MARKETING_VERSION = 1.0;
				PRODUCT_BUNDLE_IDENTIFIER = me.AbsenceRecorderTests;
				PRODUCT_NAME = "$(TARGET_NAME)";
				SWIFT_EMIT_LOC_STRINGS = NO;
				SWIFT_VERSION = 5.0;
				TARGETED_DEVICE_FAMILY = "1,2";
				TEST_HOST = "$(BUILT_PRODUCTS_DIR)/AbsenceRecorder.app/AbsenceRecorder";
			};
			name = Release;
		};
		035B46E9279F5701003A0FB7 /* Debug */ = {
			isa = XCBuildConfiguration;
			buildSettings = {
				ALWAYS_EMBED_SWIFT_STANDARD_LIBRARIES = YES;
				CODE_SIGN_STYLE = Automatic;
				CURRENT_PROJECT_VERSION = 1;
				GENERATE_INFOPLIST_FILE = YES;
				MARKETING_VERSION = 1.0;
				PRODUCT_BUNDLE_IDENTIFIER = me.AbsenceRecorderUITests;
				PRODUCT_NAME = "$(TARGET_NAME)";
				SWIFT_EMIT_LOC_STRINGS = NO;
				SWIFT_VERSION = 5.0;
				TARGETED_DEVICE_FAMILY = "1,2";
				TEST_TARGET_NAME = AbsenceRecorder;
			};
			name = Debug;
		};
		035B46EA279F5701003A0FB7 /* Release */ = {
			isa = XCBuildConfiguration;
			buildSettings = {
				ALWAYS_EMBED_SWIFT_STANDARD_LIBRARIES = YES;
				CODE_SIGN_STYLE = Automatic;
				CURRENT_PROJECT_VERSION = 1;
				GENERATE_INFOPLIST_FILE = YES;
				MARKETING_VERSION = 1.0;
				PRODUCT_BUNDLE_IDENTIFIER = me.AbsenceRecorderUITests;
				PRODUCT_NAME = "$(TARGET_NAME)";
				SWIFT_EMIT_LOC_STRINGS = NO;
				SWIFT_VERSION = 5.0;
				TARGETED_DEVICE_FAMILY = "1,2";
				TEST_TARGET_NAME = AbsenceRecorder;
			};
			name = Release;
		};
/* End XCBuildConfiguration section */

/* Begin XCConfigurationList section */
		035B46B9279F56FE003A0FB7 /* Build configuration list for PBXProject "AbsenceRecorder" */ = {
			isa = XCConfigurationList;
			buildConfigurations = (
				035B46E0279F5701003A0FB7 /* Debug */,
				035B46E1279F5701003A0FB7 /* Release */,
			);
			defaultConfigurationIsVisible = 0;
			defaultConfigurationName = Release;
		};
		035B46E2279F5701003A0FB7 /* Build configuration list for PBXNativeTarget "AbsenceRecorder" */ = {
			isa = XCConfigurationList;
			buildConfigurations = (
				035B46E3279F5701003A0FB7 /* Debug */,
				035B46E4279F5701003A0FB7 /* Release */,
			);
			defaultConfigurationIsVisible = 0;
			defaultConfigurationName = Release;
		};
		035B46E5279F5701003A0FB7 /* Build configuration list for PBXNativeTarget "AbsenceRecorderTests" */ = {
			isa = XCConfigurationList;
			buildConfigurations = (
				035B46E6279F5701003A0FB7 /* Debug */,
				035B46E7279F5701003A0FB7 /* Release */,
			);
			defaultConfigurationIsVisible = 0;
			defaultConfigurationName = Release;
		};
		035B46E8279F5701003A0FB7 /* Build configuration list for PBXNativeTarget "AbsenceRecorderUITests" */ = {
			isa = XCConfigurationList;
			buildConfigurations = (
				035B46E9279F5701003A0FB7 /* Debug */,
				035B46EA279F5701003A0FB7 /* Release */,
			);
			defaultConfigurationIsVisible = 0;
			defaultConfigurationName = Release;
		};
/* End XCConfigurationList section */
	};
	rootObject = 035B46B6279F56FE003A0FB7 /* Project object */;
}
